proto_outdir = "./third_party/protos"

[[dependencies]]
  target = "github.com/envoyproxy/protoc-gen-validate/validate"
  subgroup = ""
  revision = "dfcdc5ea103dda467963fb7079e4df28debcfd28"
  branch = "main"
  path = "envoyproxy/validate"
  protocol = ""

[[dependencies]]
  target = "github.com/googleapis/googleapis/google/api"
  subgroup = ""
  revision = "ad96d2427aaea0d597898f0d61d6d86bc8474230"
  branch = "master"
  path = "googleapis/google/api"
  includes = ["annotations.proto", "http.proto", "httpbody.proto"]
  protocol = ""

[[dependencies]]
  target = "github.com/googleapis/googleapis/google/rpc"
  subgroup = ""
  revision = "ad96d2427aaea0d597898f0d61d6d86bc8474230"
  branch = "master"
  path = "googleapis/google/rpc"
  includes = ["code.proto", "error_details.proto", "status.proto"]
  protocol = ""

[[dependencies]]
  target = "github.com/grpc-ecosystem/grpc-gateway/protoc-gen-openapiv2/options"
  subgroup = ""
  revision = "8f476a01ac7beea62de7352fbc775245788bcfef"
  branch = "master"
  path = "protoc-gen-openapiv2/options"
  protocol = ""
